{
    "_readme": [
        "This file locks the dependencies of your project to a known state",
        "Read more about it at https://getcomposer.org/doc/01-basic-usage.md#installing-dependencies",
        "This file is @generated automatically"
    ],
    "content-hash": "b4dd8982c0b1126c84a9bf0589a4ae3e",
    "packages": [
        {
            "name": "czproject/git-php",
            "version": "v4.6.0",
            "source": {
                "type": "git",
                "url": "https://github.com/czproject/git-php.git",
                "reference": "1f1ecc92aea9ee31120f4f5b759f5aa947420b0a"
            },
            "dist": {
                "type": "zip",
                "url": "https://api.github.com/repos/czproject/git-php/zipball/1f1ecc92aea9ee31120f4f5b759f5aa947420b0a",
                "reference": "1f1ecc92aea9ee31120f4f5b759f5aa947420b0a",
                "shasum": ""
            },
            "require": {
                "php": "8.0 - 8.5"
            },
            "require-dev": {
                "nette/tester": "^2.5"
            },
            "type": "library",
            "autoload": {
                "classmap": [
                    "src/"
                ]
            },
            "notification-url": "https://packagist.org/downloads/",
            "license": [
                "BSD-3-Clause"
            ],
            "authors": [
                {
                    "name": "Jan Pecha",
                    "email": "janpecha@email.cz"
                }
            ],
            "description": "Library for work with Git repository in PHP.",
            "keywords": [
                "git"
            ],
            "support": {
                "issues": "https://github.com/czproject/git-php/issues",
                "source": "https://github.com/czproject/git-php/tree/v4.6.0"
            },
            "funding": [
                {
                    "url": "https://github.com/sponsors/janpecha",
                    "type": "github"
                },
                {
                    "url": "https://www.janpecha.cz/donate/git-php/",
                    "type": "other"
                },
                {
                    "url": "https://donate.stripe.com/7sIcO2a9maTSg2A9AA",
                    "type": "stripe"
                },
                {
                    "url": "https://thanks.dev/u/gh/czproject",
                    "type": "thanks.dev"
                }
            ],
            "time": "2025-11-10T07:24:07+00:00"
        }
    ],
    "packages-dev": [],
    "aliases": [],
    "minimum-stability": "stable",
    "stability-flags": {},
    "prefer-stable": false,
    "prefer-lowest": false,
    "platform": {},
    "platform-dev": {},
    "plugin-api-version": "2.9.0"
}
